
Microsoft Visual Studio Solution File, Format Version 12.00
# Visual Studio Version 16
VisualStudioVersion = 16.0.29728.190
MinimumVisualStudioVersion = 10.0.40219.1
Project("{FAE04EC0-301F-11D3-BF4B-00C04F79EFBC}") = "Test.BenchmarkTests", "Test.BenchmarkTests\Test.BenchmarkTests.csproj", "{47E7AA0C-52F4-490F-90AB-A72C03115704}"
EndProject
Global
	GlobalSection(SolutionConfigurationPlatforms) = preSolution
		Debug|Any CPU = Debug|Any CPU
		Release|Any CPU = Release|Any CPU
	EndGlobalSection
	GlobalSection(ProjectConfigurationPlatforms) = postSolution
		{47E7AA0C-52F4-490F-90AB-A72C03115704}.Debug|Any CPU.ActiveCfg = Debug|Any CPU
		{47E7AA0C-52F4-490F-90AB-A72C03115704}.Debug|Any CPU.Build.0 = Debug|Any CPU
		{47E7AA0C-52F4-490F-90AB-A72C03115704}.Release|Any CPU.ActiveCfg = Release|Any CPU
		{47E7AA0C-52F4-490F-90AB-A72C03115704}.Release|Any CPU.Build.0 = Release|Any CPU
	EndGlobalSection
	GlobalSection(SolutionProperties) = preSolution
		HideSolutionNode = FALSE
	EndGlobalSection
	GlobalSection(ExtensibilityGlobals) = postSolution
		SolutionGuid = {49B41EFC-D5D3-4F69-913A-79CB51D85D6C}
	EndGlobalSection
EndGlobal
